{
  "name": "docs-chat-msal",
  "lockfileVersion": 3,
  "requires": true,
  "packages": {
    "": {
      "name": "docs-chat-msal",
      "dependencies": {
        "@azure/msal-browser": "5.7.0"
      }
    },
    "node_modules/@azure/msal-browser": {
      "version": "5.7.0",
      "resolved": "https://registry.npmjs.org/@azure/msal-browser/-/msal-browser-5.7.0.tgz",
      "integrity": "sha512-uYbJ0YarxkVGWEq814BysJry/IPvpDNkVKmc2bMZp4G+igUQkJ5nlFirycwPGUeA9ICLQqCxqExCA1Z1E07bPA==",
      "license": "MIT",
      "dependencies": {
        "@azure/msal-common": "16.5.0"
      },
      "engines": {
        "node": ">=0.8.0"
      }
    },
    "node_modules/@azure/msal-common": {
      "version": "16.5.0",
      "resolved": "https://registry.npmjs.org/@azure/msal-common/-/msal-common-16.5.0.tgz",
      "integrity": "sha512-i3eS/5pmxDbIU/mLMENs88Qg3k6XxqJytJy6PpB7L1tCBjdXHJDadCD3Hu1TyTooe7iQo7CYqbocgL/l/8u90g==",
      "license": "MIT",
      "engines": {
        "node": ">=0.8.0"
      }
    }
  }
}
